
Microsoft Visual Studio Solution File, Format Version 12.00
# Visual Studio Version 16
VisualStudioVersion = 16.0.30413.136
MinimumVisualStudioVersion = 10.0.40219.1
Project("{FAE04EC0-301F-11D3-BF4B-00C04F79EFBC}") = "SizeMatters", "SizeMatters\SizeMatters.csproj", "{C372515F-046F-40BD-9AF2-CB6643B8E204}"
EndProject
Global
	GlobalSection(SolutionConfigurationPlatforms) = preSolution
		Debug|Any CPU = Debug|Any CPU
		Release|Any CPU = Release|Any CPU
	EndGlobalSection
	GlobalSection(ProjectConfigurationPlatforms) = postSolution
		{C372515F-046F-40BD-9AF2-CB6643B8E204}.Debug|Any CPU.ActiveCfg = Debug|Any CPU
		{C372515F-046F-40BD-9AF2-CB6643B8E204}.Debug|Any CPU.Build.0 = Debug|Any CPU
		{C372515F-046F-40BD-9AF2-CB6643B8E204}.Release|Any CPU.ActiveCfg = Release|Any CPU
		{C372515F-046F-40BD-9AF2-CB6643B8E204}.Release|Any CPU.Build.0 = Release|Any CPU
	EndGlobalSection
	GlobalSection(SolutionProperties) = preSolution
		HideSolutionNode = FALSE
	EndGlobalSection
	GlobalSection(ExtensibilityGlobals) = postSolution
		SolutionGuid = {8AF72FD9-4461-461E-9B10-1FE61FD1F124}
	EndGlobalSection
EndGlobal
